
Microsoft Visual Studio Solution File, Format Version 12.00
# Visual Studio 14
VisualStudioVersion = 14.0.25123.0
MinimumVisualStudioVersion = 10.0.40219.1
Project("{FAE04EC0-301F-11D3-BF4B-00C04F79EFBC}") = "SizingServers.IPC", "SizingServers.IPC\SizingServers.IPC.csproj", "{7089B7BD-9832-4EFE-9AFD-DA0D8D1759E8}"
EndProject
Project("{FAE04EC0-301F-11D3-BF4B-00C04F79EFBC}") = "SizingServers.IPC.TestSender", "SizingServers.IPC.TestSender\SizingServers.IPC.TestSender.csproj", "{FF73861E-8D1C-4304-BE49-D52D09B38B4F}"
EndProject
Project("{FAE04EC0-301F-11D3-BF4B-00C04F79EFBC}") = "SizingServers.IPC.TestReceiver", "SizingServers.IPC.TestReceiver\SizingServers.IPC.TestReceiver.csproj", "{949526BA-73A0-4931-961F-F4DD913710FB}"
EndProject
Project("{FAE04EC0-301F-11D3-BF4B-00C04F79EFBC}") = "SizingServers.IPC.EndPointManagerService", "SizingServers.IPC.EndpointManagerService\SizingServers.IPC.EndPointManagerService.csproj", "{289B52D2-1A5A-4CD6-997B-12E5392552AD}"
EndProject
Project("{54435603-DBB4-11D2-8724-00A0C9A8B90C}") = "SizingServers.IPC.EndPointManagerServiceSetup", "SizingServers.IPC.EndPointManagerServiceSetup\SizingServers.IPC.EndPointManagerServiceSetup.vdproj", "{1D07CF8D-47A5-4C3D-BEF2-E0433CAC817F}"
EndProject
Global
	GlobalSection(SolutionConfigurationPlatforms) = preSolution
		Debug|Any CPU = Debug|Any CPU
		Release|Any CPU = Release|Any CPU
	EndGlobalSection
	GlobalSection(ProjectConfigurationPlatforms) = postSolution
		{7089B7BD-9832-4EFE-9AFD-DA0D8D1759E8}.Debug|Any CPU.ActiveCfg = Debug|Any CPU
		{7089B7BD-9832-4EFE-9AFD-DA0D8D1759E8}.Debug|Any CPU.Build.0 = Debug|Any CPU
		{7089B7BD-9832-4EFE-9AFD-DA0D8D1759E8}.Release|Any CPU.ActiveCfg = Release|Any CPU
		{7089B7BD-9832-4EFE-9AFD-DA0D8D1759E8}.Release|Any CPU.Build.0 = Release|Any CPU
		{FF73861E-8D1C-4304-BE49-D52D09B38B4F}.Debug|Any CPU.ActiveCfg = Debug|Any CPU
		{FF73861E-8D1C-4304-BE49-D52D09B38B4F}.Debug|Any CPU.Build.0 = Debug|Any CPU
		{FF73861E-8D1C-4304-BE49-D52D09B38B4F}.Release|Any CPU.ActiveCfg = Release|Any CPU
		{FF73861E-8D1C-4304-BE49-D52D09B38B4F}.Release|Any CPU.Build.0 = Release|Any CPU
		{949526BA-73A0-4931-961F-F4DD913710FB}.Debug|Any CPU.ActiveCfg = Debug|Any CPU
		{949526BA-73A0-4931-961F-F4DD913710FB}.Debug|Any CPU.Build.0 = Debug|Any CPU
		{949526BA-73A0-4931-961F-F4DD913710FB}.Release|Any CPU.ActiveCfg = Release|Any CPU
		{949526BA-73A0-4931-961F-F4DD913710FB}.Release|Any CPU.Build.0 = Release|Any CPU
		{289B52D2-1A5A-4CD6-997B-12E5392552AD}.Debug|Any CPU.ActiveCfg = Debug|Any CPU
		{289B52D2-1A5A-4CD6-997B-12E5392552AD}.Debug|Any CPU.Build.0 = Debug|Any CPU
		{289B52D2-1A5A-4CD6-997B-12E5392552AD}.Release|Any CPU.ActiveCfg = Release|Any CPU
		{289B52D2-1A5A-4CD6-997B-12E5392552AD}.Release|Any CPU.Build.0 = Release|Any CPU
		{1D07CF8D-47A5-4C3D-BEF2-E0433CAC817F}.Debug|Any CPU.ActiveCfg = Debug
		{1D07CF8D-47A5-4C3D-BEF2-E0433CAC817F}.Release|Any CPU.ActiveCfg = Release
	EndGlobalSection
	GlobalSection(SolutionProperties) = preSolution
		HideSolutionNode = FALSE
	EndGlobalSection
EndGlobal
